
Microsoft Visual Studio Solution File, Format Version 12.00
# Visual Studio Version 17
VisualStudioVersion = 17.0.31903.59
MinimumVisualStudioVersion = 10.0.40219.1
Project("{FAE04EC0-301F-11D3-BF4B-00C04F79EFBC}") = "TripCalculator", "TripCalculator\TripCalculator.csproj", "{0375B243-0CEF-4BF7-87E8-305C2442FCA9}"
EndProject
Project("{FAE04EC0-301F-11D3-BF4B-00C04F79EFBC}") = "lab03-badge", "lab03-badge\lab03-badge.csproj", "{CD3BDC76-2A3A-4515-984F-F49642A82569}"
EndProject
Global
	GlobalSection(SolutionConfigurationPlatforms) = preSolution
		Debug|Any CPU = Debug|Any CPU
		Debug|x64 = Debug|x64
		Debug|x86 = Debug|x86
		Release|Any CPU = Release|Any CPU
		Release|x64 = Release|x64
		Release|x86 = Release|x86
	EndGlobalSection
	GlobalSection(ProjectConfigurationPlatforms) = postSolution
		{0375B243-0CEF-4BF7-87E8-305C2442FCA9}.Debug|Any CPU.ActiveCfg = Debug|Any CPU
		{0375B243-0CEF-4BF7-87E8-305C2442FCA9}.Debug|Any CPU.Build.0 = Debug|Any CPU
		{0375B243-0CEF-4BF7-87E8-305C2442FCA9}.Debug|x64.ActiveCfg = Debug|Any CPU
		{0375B243-0CEF-4BF7-87E8-305C2442FCA9}.Debug|x64.Build.0 = Debug|Any CPU
		{0375B243-0CEF-4BF7-87E8-305C2442FCA9}.Debug|x86.ActiveCfg = Debug|Any CPU
		{0375B243-0CEF-4BF7-87E8-305C2442FCA9}.Debug|x86.Build.0 = Debug|Any CPU
		{0375B243-0CEF-4BF7-87E8-305C2442FCA9}.Release|Any CPU.ActiveCfg = Release|Any CPU
		{0375B243-0CEF-4BF7-87E8-305C2442FCA9}.Release|Any CPU.Build.0 = Release|Any CPU
		{0375B243-0CEF-4BF7-87E8-305C2442FCA9}.Release|x64.ActiveCfg = Release|Any CPU
		{0375B243-0CEF-4BF7-87E8-305C2442FCA9}.Release|x64.Build.0 = Release|Any CPU
		{0375B243-0CEF-4BF7-87E8-305C2442FCA9}.Release|x86.ActiveCfg = Release|Any CPU
		{0375B243-0CEF-4BF7-87E8-305C2442FCA9}.Release|x86.Build.0 = Release|Any CPU
		{CD3BDC76-2A3A-4515-984F-F49642A82569}.Debug|Any CPU.ActiveCfg = Debug|Any CPU
		{CD3BDC76-2A3A-4515-984F-F49642A82569}.Debug|Any CPU.Build.0 = Debug|Any CPU
		{CD3BDC76-2A3A-4515-984F-F49642A82569}.Debug|x64.ActiveCfg = Debug|Any CPU
		{CD3BDC76-2A3A-4515-984F-F49642A82569}.Debug|x64.Build.0 = Debug|Any CPU
		{CD3BDC76-2A3A-4515-984F-F49642A82569}.Debug|x86.ActiveCfg = Debug|Any CPU
		{CD3BDC76-2A3A-4515-984F-F49642A82569}.Debug|x86.Build.0 = Debug|Any CPU
		{CD3BDC76-2A3A-4515-984F-F49642A82569}.Release|Any CPU.ActiveCfg = Release|Any CPU
		{CD3BDC76-2A3A-4515-984F-F49642A82569}.Release|Any CPU.Build.0 = Release|Any CPU
		{CD3BDC76-2A3A-4515-984F-F49642A82569}.Release|x64.ActiveCfg = Release|Any CPU
		{CD3BDC76-2A3A-4515-984F-F49642A82569}.Release|x64.Build.0 = Release|Any CPU
		{CD3BDC76-2A3A-4515-984F-F49642A82569}.Release|x86.ActiveCfg = Release|Any CPU
		{CD3BDC76-2A3A-4515-984F-F49642A82569}.Release|x86.Build.0 = Release|Any CPU
	EndGlobalSection
	GlobalSection(SolutionProperties) = preSolution
		HideSolutionNode = FALSE
	EndGlobalSection
EndGlobal
